# This file is automatically @generated by Cargo.
# It is not intended for manual editing.
[[package]]
name = "autocfg"
version = "1.0.0"
source = "registry+https://github.com/rust-lang/crates.io-index"
checksum = "f8aac770f1885fd7e387acedd76065302551364496e46b3dd00860b2f8359b9d"

[[package]]
name = "bitflags"
version = "1.2.1"
source = "registry+https://github.com/rust-lang/crates.io-index"
checksum = "cf1de2fe8c75bc145a2f577add951f8134889b4795d47466a54a5c846d691693"

[[package]]
name = "cfg-if"
version = "0.1.10"
source = "registry+https://github.com/rust-lang/crates.io-index"
checksum = "4785bdd1c96b2a846b2bd7cc02e86b6b3dbf14e7e53446c4f54c92a361040822"

[[package]]
name = "crossbeam-channel"
version = "0.4.3"
source = "registry+https://github.com/rust-lang/crates.io-index"
checksum = "09ee0cc8804d5393478d743b035099520087a5186f3b93fa58cec08fa62407b6"
dependencies = [
 "cfg-if",
 "crossbeam-utils",
]

[[package]]
name = "crossbeam-utils"
version = "0.7.2"
source = "registry+https://github.com/rust-lang/crates.io-index"
checksum = "c3c7c73a2d1e9fc0886a08b93e98eb643461230d5f1925e4036204d5f2e261a8"
dependencies = [
 "autocfg",
 "cfg-if",
 "lazy_static",
]

[[package]]
name = "fixed"
version = "0.5.7"
source = "registry+https://github.com/rust-lang/crates.io-index"
checksum = "f32ca1abdbb21d63a3e02a658a9e3001b172f13c8b46724299e21190c5ee5041"
dependencies = [
 "typenum",
]

[[package]]
name = "lazy_static"
version = "1.4.0"
source = "registry+https://github.com/rust-lang/crates.io-index"
checksum = "e2abad23fbc42b3700f2f279844dc832adb2b2eb069b2df918f455c4e18cc646"

[[package]]
name = "oxide-7"
version = "0.3.0"
source = "git+https://github.com/coopersimon/oxide-7?tag=0.3.0#17fdfa6d5cc44bec6dff717f5867121b3aa2c56d"
dependencies = [
 "bitflags",
 "crossbeam-channel",
 "fixed",
 "sample",
]

[[package]]
name = "sample"
version = "0.10.0"
source = "registry+https://github.com/rust-lang/crates.io-index"
checksum = "cc0966ad788ec7289562643e05c611b7853e0618b7f9306aafd2fc727abfe168"

[[package]]
name = "snes_c_binding"
version = "0.1.0"
dependencies = [
 "oxide-7",
]

[[package]]
name = "typenum"
version = "1.12.0"
source = "registry+https://github.com/rust-lang/crates.io-index"
checksum = "373c8a200f9e67a0c95e62a4f52fbf80c23b4381c05a17845531982fa99e6b33"
