// !$*UTF8*$!
{
	archiveVersion = 1;
	classes = {
	};
	objectVersion = 50;
	objects = {

/* Begin PBXBuildFile section */
		1424166C23A434CD00AB442A /* libresolv.9.tbd in Frameworks */ = {isa = PBXBuildFile; fileRef = 1424166B23A434C800AB442A /* libresolv.9.tbd */; };
		1424167023A4367E00AB442A /* AudioToolbox.framework in Frameworks */ = {isa = PBXBuildFile; fileRef = 1424166F23A4367E00AB442A /* AudioToolbox.framework */; };
		1424167223A4369D00AB442A /* CoreAudio.framework in Frameworks */ = {isa = PBXBuildFile; fileRef = 1424167123A4369D00AB442A /* CoreAudio.framework */; };
		1424167423A436EE00AB442A /* RustBoy.swift in Sources */ = {isa = PBXBuildFile; fileRef = 1424167323A436EE00AB442A /* RustBoy.swift */; };
		149BD6CA23ABBDD100C3FB62 /* ActionButton.swift in Sources */ = {isa = PBXBuildFile; fileRef = 149BD6C923ABBDD100C3FB62 /* ActionButton.swift */; };
		149BD6CE23ABC53300C3FB62 /* DPad.swift in Sources */ = {isa = PBXBuildFile; fileRef = 149BD6CD23ABC53300C3FB62 /* DPad.swift */; };
		14AFE9C723A996D200DE036C /* librustboy_c_binding.a in Frameworks */ = {isa = PBXBuildFile; fileRef = 14AFE9C623A996C400DE036C /* librustboy_c_binding.a */; };
		14D1D48C23A4319700029B8C /* AppDelegate.swift in Sources */ = {isa = PBXBuildFile; fileRef = 14D1D48B23A4319700029B8C /* AppDelegate.swift */; };
		14D1D48E23A4319700029B8C /* ContentView.swift in Sources */ = {isa = PBXBuildFile; fileRef = 14D1D48D23A4319700029B8C /* ContentView.swift */; };
		14D1D49023A4319800029B8C /* Assets.xcassets in Resources */ = {isa = PBXBuildFile; fileRef = 14D1D48F23A4319800029B8C /* Assets.xcassets */; };
		14D1D49323A4319800029B8C /* Preview Assets.xcassets in Resources */ = {isa = PBXBuildFile; fileRef = 14D1D49223A4319800029B8C /* Preview Assets.xcassets */; };
		14D1D49623A4319800029B8C /* Main.storyboard in Resources */ = {isa = PBXBuildFile; fileRef = 14D1D49423A4319800029B8C /* Main.storyboard */; };
/* End PBXBuildFile section */

/* Begin PBXContainerItemProxy section */
		14AFE9C523A996C400DE036C /* PBXContainerItemProxy */ = {
			isa = PBXContainerItemProxy;
			containerPortal = 14AFE9B623A9969B00DE036C /* rustboy_c_binding.xcodeproj */;
			proxyType = 2;
			remoteGlobalIDString = CA6005185E1EC452EB8AEB35;
			remoteInfo = "rustboy_c_binding-staticlib";
		};
/* End PBXContainerItemProxy section */

/* Begin PBXFileReference section */
		1424166023A4341400AB442A /* module.modulemap */ = {isa = PBXFileReference; lastKnownFileType = "sourcecode.module-map"; path = module.modulemap; sourceTree = "<group>"; };
		1424166B23A434C800AB442A /* libresolv.9.tbd */ = {isa = PBXFileReference; lastKnownFileType = "sourcecode.text-based-dylib-definition"; name = libresolv.9.tbd; path = usr/lib/libresolv.9.tbd; sourceTree = SDKROOT; };
		1424166F23A4367E00AB442A /* AudioToolbox.framework */ = {isa = PBXFileReference; lastKnownFileType = wrapper.framework; name = AudioToolbox.framework; path = System/Library/Frameworks/AudioToolbox.framework; sourceTree = SDKROOT; };
		1424167123A4369D00AB442A /* CoreAudio.framework */ = {isa = PBXFileReference; lastKnownFileType = wrapper.framework; name = CoreAudio.framework; path = System/Library/Frameworks/CoreAudio.framework; sourceTree = SDKROOT; };
		1424167323A436EE00AB442A /* RustBoy.swift */ = {isa = PBXFileReference; lastKnownFileType = sourcecode.swift; path = RustBoy.swift; sourceTree = "<group>"; };
		149BD6C923ABBDD100C3FB62 /* ActionButton.swift */ = {isa = PBXFileReference; lastKnownFileType = sourcecode.swift; path = ActionButton.swift; sourceTree = "<group>"; };
		149BD6CD23ABC53300C3FB62 /* DPad.swift */ = {isa = PBXFileReference; lastKnownFileType = sourcecode.swift; path = DPad.swift; sourceTree = "<group>"; };
		14AFE9B623A9969B00DE036C /* rustboy_c_binding.xcodeproj */ = {isa = PBXFileReference; lastKnownFileType = "wrapper.pb-project"; name = rustboy_c_binding.xcodeproj; path = ../super_rust_boy_c_binding/rustboy_c_binding.xcodeproj; sourceTree = "<group>"; };
		14D1D48823A4319700029B8C /* SuperRustBoy.app */ = {isa = PBXFileReference; explicitFileType = wrapper.application; includeInIndex = 0; path = SuperRustBoy.app; sourceTree = BUILT_PRODUCTS_DIR; };
		14D1D48B23A4319700029B8C /* AppDelegate.swift */ = {isa = PBXFileReference; lastKnownFileType = sourcecode.swift; path = AppDelegate.swift; sourceTree = "<group>"; };
		14D1D48D23A4319700029B8C /* ContentView.swift */ = {isa = PBXFileReference; lastKnownFileType = sourcecode.swift; path = ContentView.swift; sourceTree = "<group>"; };
		14D1D48F23A4319800029B8C /* Assets.xcassets */ = {isa = PBXFileReference; lastKnownFileType = folder.assetcatalog; path = Assets.xcassets; sourceTree = "<group>"; };
		14D1D49223A4319800029B8C /* Preview Assets.xcassets */ = {isa = PBXFileReference; lastKnownFileType = folder.assetcatalog; path = "Preview Assets.xcassets"; sourceTree = "<group>"; };
		14D1D49523A4319800029B8C /* Base */ = {isa = PBXFileReference; lastKnownFileType = file.storyboard; name = Base; path = Base.lproj/Main.storyboard; sourceTree = "<group>"; };
		14D1D49723A4319800029B8C /* Info.plist */ = {isa = PBXFileReference; lastKnownFileType = text.plist.xml; path = Info.plist; sourceTree = "<group>"; };
		14D1D49823A4319800029B8C /* SuperRustBoy.entitlements */ = {isa = PBXFileReference; lastKnownFileType = text.plist.entitlements; path = SuperRustBoy.entitlements; sourceTree = "<group>"; };
/* End PBXFileReference section */

/* Begin PBXFrameworksBuildPhase section */
		14D1D48523A4319700029B8C /* Frameworks */ = {
			isa = PBXFrameworksBuildPhase;
			buildActionMask = 2147483647;
			files = (
				14AFE9C723A996D200DE036C /* librustboy_c_binding.a in Frameworks */,
				1424166C23A434CD00AB442A /* libresolv.9.tbd in Frameworks */,
				1424167223A4369D00AB442A /* CoreAudio.framework in Frameworks */,
				1424167023A4367E00AB442A /* AudioToolbox.framework in Frameworks */,
			);
			runOnlyForDeploymentPostprocessing = 0;
		};
/* End PBXFrameworksBuildPhase section */

/* Begin PBXGroup section */
		14AFE9BE23A996B500DE036C /* Dependencies */ = {
			isa = PBXGroup;
			children = (
				14AFE9B623A9969B00DE036C /* rustboy_c_binding.xcodeproj */,
			);
			path = Dependencies;
			sourceTree = "<group>";
		};
		14AFE9C123A996C400DE036C /* Products */ = {
			isa = PBXGroup;
			children = (
				14AFE9C623A996C400DE036C /* librustboy_c_binding.a */,
			);
			name = Products;
			sourceTree = "<group>";
		};
		14D1D47F23A4319700029B8C = {
			isa = PBXGroup;
			children = (
				14D1D48A23A4319700029B8C /* SuperRustBoy */,
				14AFE9BE23A996B500DE036C /* Dependencies */,
				14D1D48923A4319700029B8C /* Products */,
				14D1D4AC23A431CC00029B8C /* Frameworks */,
			);
			sourceTree = "<group>";
		};
		14D1D48923A4319700029B8C /* Products */ = {
			isa = PBXGroup;
			children = (
				14D1D48823A4319700029B8C /* SuperRustBoy.app */,
			);
			name = Products;
			sourceTree = "<group>";
		};
		14D1D48A23A4319700029B8C /* SuperRustBoy */ = {
			isa = PBXGroup;
			children = (
				14D1D48B23A4319700029B8C /* AppDelegate.swift */,
				14D1D48D23A4319700029B8C /* ContentView.swift */,
				149BD6CD23ABC53300C3FB62 /* DPad.swift */,
				149BD6C923ABBDD100C3FB62 /* ActionButton.swift */,
				1424167323A436EE00AB442A /* RustBoy.swift */,
				14D1D48F23A4319800029B8C /* Assets.xcassets */,
				14D1D49423A4319800029B8C /* Main.storyboard */,
				14D1D49723A4319800029B8C /* Info.plist */,
				14D1D49823A4319800029B8C /* SuperRustBoy.entitlements */,
				14D1D49123A4319800029B8C /* Preview Content */,
				1424166023A4341400AB442A /* module.modulemap */,
			);
			path = SuperRustBoy;
			sourceTree = "<group>";
		};
		14D1D49123A4319800029B8C /* Preview Content */ = {
			isa = PBXGroup;
			children = (
				14D1D49223A4319800029B8C /* Preview Assets.xcassets */,
			);
			path = "Preview Content";
			sourceTree = "<group>";
		};
		14D1D4AC23A431CC00029B8C /* Frameworks */ = {
			isa = PBXGroup;
			children = (
				1424167123A4369D00AB442A /* CoreAudio.framework */,
				1424166F23A4367E00AB442A /* AudioToolbox.framework */,
				1424166B23A434C800AB442A /* libresolv.9.tbd */,
			);
			name = Frameworks;
			sourceTree = "<group>";
		};
/* End PBXGroup section */

/* Begin PBXNativeTarget section */
		14D1D48723A4319700029B8C /* SuperRustBoy */ = {
			isa = PBXNativeTarget;
			buildConfigurationList = 14D1D49B23A4319800029B8C /* Build configuration list for PBXNativeTarget "SuperRustBoy" */;
			buildPhases = (
				14D1D48423A4319700029B8C /* Sources */,
				14D1D48523A4319700029B8C /* Frameworks */,
				14D1D48623A4319700029B8C /* Resources */,
			);
			buildRules = (
			);
			dependencies = (
			);
			name = SuperRustBoy;
			productName = SuperRustBoy;
			productReference = 14D1D48823A4319700029B8C /* SuperRustBoy.app */;
			productType = "com.apple.product-type.application";
		};
/* End PBXNativeTarget section */

/* Begin PBXProject section */
		14D1D48023A4319700029B8C /* Project object */ = {
			isa = PBXProject;
			attributes = {
				LastSwiftUpdateCheck = 1130;
				LastUpgradeCheck = 1130;
				ORGANIZATIONNAME = "Sean Inge Asbjørnsen";
				TargetAttributes = {
					14D1D48723A4319700029B8C = {
						CreatedOnToolsVersion = 11.3;
					};
				};
			};
			buildConfigurationList = 14D1D48323A4319700029B8C /* Build configuration list for PBXProject "SuperRustBoy" */;
			compatibilityVersion = "Xcode 9.3";
			developmentRegion = en;
			hasScannedForEncodings = 0;
			knownRegions = (
				en,
				Base,
			);
			mainGroup = 14D1D47F23A4319700029B8C;
			productRefGroup = 14D1D48923A4319700029B8C /* Products */;
			projectDirPath = "";
			projectReferences = (
				{
					ProductGroup = 14AFE9C123A996C400DE036C /* Products */;
					ProjectRef = 14AFE9B623A9969B00DE036C /* rustboy_c_binding.xcodeproj */;
				},
			);
			projectRoot = "";
			targets = (
				14D1D48723A4319700029B8C /* SuperRustBoy */,
			);
		};
/* End PBXProject section */

/* Begin PBXReferenceProxy section */
		14AFE9C623A996C400DE036C /* librustboy_c_binding.a */ = {
			isa = PBXReferenceProxy;
			fileType = archive.ar;
			path = librustboy_c_binding.a;
			remoteRef = 14AFE9C523A996C400DE036C /* PBXContainerItemProxy */;
			sourceTree = BUILT_PRODUCTS_DIR;
		};
/* End PBXReferenceProxy section */

/* Begin PBXResourcesBuildPhase section */
		14D1D48623A4319700029B8C /* Resources */ = {
			isa = PBXResourcesBuildPhase;
			buildActionMask = 2147483647;
			files = (
				14D1D49623A4319800029B8C /* Main.storyboard in Resources */,
				14D1D49323A4319800029B8C /* Preview Assets.xcassets in Resources */,
				14D1D49023A4319800029B8C /* Assets.xcassets in Resources */,
			);
			runOnlyForDeploymentPostprocessing = 0;
		};
/* End PBXResourcesBuildPhase section */

/* Begin PBXSourcesBuildPhase section */
		14D1D48423A4319700029B8C /* Sources */ = {
			isa = PBXSourcesBuildPhase;
			buildActionMask = 2147483647;
			files = (
				14D1D48E23A4319700029B8C /* ContentView.swift in Sources */,
				149BD6CE23ABC53300C3FB62 /* DPad.swift in Sources */,
				1424167423A436EE00AB442A /* RustBoy.swift in Sources */,
				14D1D48C23A4319700029B8C /* AppDelegate.swift in Sources */,
				149BD6CA23ABBDD100C3FB62 /* ActionButton.swift in Sources */,
			);
			runOnlyForDeploymentPostprocessing = 0;
		};
/* End PBXSourcesBuildPhase section */

/* Begin PBXVariantGroup section */
		14D1D49423A4319800029B8C /* Main.storyboard */ = {
			isa = PBXVariantGroup;
			children = (
				14D1D49523A4319800029B8C /* Base */,
			);
			name = Main.storyboard;
			sourceTree = "<group>";
		};
/* End PBXVariantGroup section */

/* Begin XCBuildConfiguration section */
		14D1D49923A4319800029B8C /* Debug */ = {
			isa = XCBuildConfiguration;
			buildSettings = {
				ALWAYS_SEARCH_USER_PATHS = NO;
				CLANG_ANALYZER_NONNULL = YES;
				CLANG_ANALYZER_NUMBER_OBJECT_CONVERSION = YES_AGGRESSIVE;
				CLANG_CXX_LANGUAGE_STANDARD = "gnu++14";
				CLANG_CXX_LIBRARY = "libc++";
				CLANG_ENABLE_MODULES = YES;
				CLANG_ENABLE_OBJC_ARC = YES;
				CLANG_ENABLE_OBJC_WEAK = YES;
				CLANG_WARN_BLOCK_CAPTURE_AUTORELEASING = YES;
				CLANG_WARN_BOOL_CONVERSION = YES;
				CLANG_WARN_COMMA = YES;
				CLANG_WARN_CONSTANT_CONVERSION = YES;
				CLANG_WARN_DEPRECATED_OBJC_IMPLEMENTATIONS = YES;
				CLANG_WARN_DIRECT_OBJC_ISA_USAGE = YES_ERROR;
				CLANG_WARN_DOCUMENTATION_COMMENTS = YES;
				CLANG_WARN_EMPTY_BODY = YES;
				CLANG_WARN_ENUM_CONVERSION = YES;
				CLANG_WARN_INFINITE_RECURSION = YES;
				CLANG_WARN_INT_CONVERSION = YES;
				CLANG_WARN_NON_LITERAL_NULL_CONVERSION = YES;
				CLANG_WARN_OBJC_IMPLICIT_RETAIN_SELF = YES;
				CLANG_WARN_OBJC_LITERAL_CONVERSION = YES;
				CLANG_WARN_OBJC_ROOT_CLASS = YES_ERROR;
				CLANG_WARN_RANGE_LOOP_ANALYSIS = YES;
				CLANG_WARN_STRICT_PROTOTYPES = YES;
				CLANG_WARN_SUSPICIOUS_MOVE = YES;
				CLANG_WARN_UNGUARDED_AVAILABILITY = YES_AGGRESSIVE;
				CLANG_WARN_UNREACHABLE_CODE = YES;
				CLANG_WARN__DUPLICATE_METHOD_MATCH = YES;
				COPY_PHASE_STRIP = NO;
				DEBUG_INFORMATION_FORMAT = dwarf;
				ENABLE_STRICT_OBJC_MSGSEND = YES;
				ENABLE_TESTABILITY = YES;
				GCC_C_LANGUAGE_STANDARD = gnu11;
				GCC_DYNAMIC_NO_PIC = NO;
				GCC_NO_COMMON_BLOCKS = YES;
				GCC_OPTIMIZATION_LEVEL = 0;
				GCC_PREPROCESSOR_DEFINITIONS = (
					"DEBUG=1",
					"$(inherited)",
				);
				GCC_WARN_64_TO_32_BIT_CONVERSION = YES;
				GCC_WARN_ABOUT_RETURN_TYPE = YES_ERROR;
				GCC_WARN_UNDECLARED_SELECTOR = YES;
				GCC_WARN_UNINITIALIZED_AUTOS = YES_AGGRESSIVE;
				GCC_WARN_UNUSED_FUNCTION = YES;
				GCC_WARN_UNUSED_VARIABLE = YES;
				MACOSX_DEPLOYMENT_TARGET = 10.15;
				MTL_ENABLE_DEBUG_INFO = INCLUDE_SOURCE;
				MTL_FAST_MATH = YES;
				ONLY_ACTIVE_ARCH = YES;
				SDKROOT = macosx;
				SWIFT_ACTIVE_COMPILATION_CONDITIONS = DEBUG;
				SWIFT_OPTIMIZATION_LEVEL = "-Onone";
			};
			name = Debug;
		};
		14D1D49A23A4319800029B8C /* Release */ = {
			isa = XCBuildConfiguration;
			buildSettings = {
				ALWAYS_SEARCH_USER_PATHS = NO;
				CLANG_ANALYZER_NONNULL = YES;
				CLANG_ANALYZER_NUMBER_OBJECT_CONVERSION = YES_AGGRESSIVE;
				CLANG_CXX_LANGUAGE_STANDARD = "gnu++14";
				CLANG_CXX_LIBRARY = "libc++";
				CLANG_ENABLE_MODULES = YES;
				CLANG_ENABLE_OBJC_ARC = YES;
				CLANG_ENABLE_OBJC_WEAK = YES;
				CLANG_WARN_BLOCK_CAPTURE_AUTORELEASING = YES;
				CLANG_WARN_BOOL_CONVERSION = YES;
				CLANG_WARN_COMMA = YES;
				CLANG_WARN_CONSTANT_CONVERSION = YES;
				CLANG_WARN_DEPRECATED_OBJC_IMPLEMENTATIONS = YES;
				CLANG_WARN_DIRECT_OBJC_ISA_USAGE = YES_ERROR;
				CLANG_WARN_DOCUMENTATION_COMMENTS = YES;
				CLANG_WARN_EMPTY_BODY = YES;
				CLANG_WARN_ENUM_CONVERSION = YES;
				CLANG_WARN_INFINITE_RECURSION = YES;
				CLANG_WARN_INT_CONVERSION = YES;
				CLANG_WARN_NON_LITERAL_NULL_CONVERSION = YES;
				CLANG_WARN_OBJC_IMPLICIT_RETAIN_SELF = YES;
				CLANG_WARN_OBJC_LITERAL_CONVERSION = YES;
				CLANG_WARN_OBJC_ROOT_CLASS = YES_ERROR;
				CLANG_WARN_RANGE_LOOP_ANALYSIS = YES;
				CLANG_WARN_STRICT_PROTOTYPES = YES;
				CLANG_WARN_SUSPICIOUS_MOVE = YES;
				CLANG_WARN_UNGUARDED_AVAILABILITY = YES_AGGRESSIVE;
				CLANG_WARN_UNREACHABLE_CODE = YES;
				CLANG_WARN__DUPLICATE_METHOD_MATCH = YES;
				COPY_PHASE_STRIP = NO;
				DEBUG_INFORMATION_FORMAT = "dwarf-with-dsym";
				ENABLE_NS_ASSERTIONS = NO;
				ENABLE_STRICT_OBJC_MSGSEND = YES;
				GCC_C_LANGUAGE_STANDARD = gnu11;
				GCC_NO_COMMON_BLOCKS = YES;
				GCC_WARN_64_TO_32_BIT_CONVERSION = YES;
				GCC_WARN_ABOUT_RETURN_TYPE = YES_ERROR;
				GCC_WARN_UNDECLARED_SELECTOR = YES;
				GCC_WARN_UNINITIALIZED_AUTOS = YES_AGGRESSIVE;
				GCC_WARN_UNUSED_FUNCTION = YES;
				GCC_WARN_UNUSED_VARIABLE = YES;
				MACOSX_DEPLOYMENT_TARGET = 10.15;
				MTL_ENABLE_DEBUG_INFO = NO;
				MTL_FAST_MATH = YES;
				SDKROOT = macosx;
				SWIFT_COMPILATION_MODE = wholemodule;
				SWIFT_OPTIMIZATION_LEVEL = "-O";
			};
			name = Release;
		};
		14D1D49C23A4319800029B8C /* Debug */ = {
			isa = XCBuildConfiguration;
			buildSettings = {
				ASSETCATALOG_COMPILER_APPICON_NAME = AppIcon;
				CODE_SIGN_ENTITLEMENTS = SuperRustBoy/SuperRustBoy.entitlements;
				CODE_SIGN_STYLE = Automatic;
				COMBINE_HIDPI_IMAGES = YES;
				DEVELOPMENT_ASSET_PATHS = "\"SuperRustBoy/Preview Content\"";
				DEVELOPMENT_TEAM = 4358BDSNQG;
				ENABLE_HARDENED_RUNTIME = YES;
				ENABLE_PREVIEWS = YES;
				HEADER_SEARCH_PATHS = "$(SRCROOT)/super_rust_boy_c_binding/headers";
				INFOPLIST_FILE = SuperRustBoy/Info.plist;
				LD_RUNPATH_SEARCH_PATHS = (
					"$(inherited)",
					"@executable_path/../Frameworks",
				);
				MACOSX_DEPLOYMENT_TARGET = 10.15;
				PRODUCT_BUNDLE_IDENTIFIER = apps.asby.SuperRustBoy;
				PRODUCT_NAME = "$(TARGET_NAME)";
				SWIFT_INCLUDE_PATHS = "$(SRCROOT)";
				SWIFT_VERSION = 5.0;
			};
			name = Debug;
		};
		14D1D49D23A4319800029B8C /* Release */ = {
			isa = XCBuildConfiguration;
			buildSettings = {
				ASSETCATALOG_COMPILER_APPICON_NAME = AppIcon;
				CODE_SIGN_ENTITLEMENTS = SuperRustBoy/SuperRustBoy.entitlements;
				CODE_SIGN_STYLE = Automatic;
				COMBINE_HIDPI_IMAGES = YES;
				DEVELOPMENT_ASSET_PATHS = "\"SuperRustBoy/Preview Content\"";
				DEVELOPMENT_TEAM = 4358BDSNQG;
				ENABLE_HARDENED_RUNTIME = YES;
				ENABLE_PREVIEWS = YES;
				HEADER_SEARCH_PATHS = "$(SRCROOT)/super_rust_boy_c_binding/headers";
				INFOPLIST_FILE = SuperRustBoy/Info.plist;
				LD_RUNPATH_SEARCH_PATHS = (
					"$(inherited)",
					"@executable_path/../Frameworks",
				);
				MACOSX_DEPLOYMENT_TARGET = 10.15;
				PRODUCT_BUNDLE_IDENTIFIER = apps.asby.SuperRustBoy;
				PRODUCT_NAME = "$(TARGET_NAME)";
				SWIFT_INCLUDE_PATHS = "$(SRCROOT)";
				SWIFT_VERSION = 5.0;
			};
			name = Release;
		};
/* End XCBuildConfiguration section */

/* Begin XCConfigurationList section */
		14D1D48323A4319700029B8C /* Build configuration list for PBXProject "SuperRustBoy" */ = {
			isa = XCConfigurationList;
			buildConfigurations = (
				14D1D49923A4319800029B8C /* Debug */,
				14D1D49A23A4319800029B8C /* Release */,
			);
			defaultConfigurationIsVisible = 0;
			defaultConfigurationName = Release;
		};
		14D1D49B23A4319800029B8C /* Build configuration list for PBXNativeTarget "SuperRustBoy" */ = {
			isa = XCConfigurationList;
			buildConfigurations = (
				14D1D49C23A4319800029B8C /* Debug */,
				14D1D49D23A4319800029B8C /* Release */,
			);
			defaultConfigurationIsVisible = 0;
			defaultConfigurationName = Release;
		};
/* End XCConfigurationList section */
	};
	rootObject = 14D1D48023A4319700029B8C /* Project object */;
}
